
Microsoft Visual Studio Solution File, Format Version 12.00
# Visual Studio Version 17
VisualStudioVersion = 17.1.32210.238
MinimumVisualStudioVersion = 10.0.40219.1
Project("{9A19103F-16F7-4668-BE54-9A1E7A4F7556}") = "DataProcessingMLB.API", "DataProcessingMLB\DataProcessingMLB.API.csproj", "{674EE7B5-9784-4BFE-9E6E-A5FBBDC423E5}"
EndProject
Project("{9A19103F-16F7-4668-BE54-9A1E7A4F7556}") = "DataProcessingMLB.BL", "DataProcessingMLB.BL\DataProcessingMLB.BL.csproj", "{1FA05C43-980D-46DF-A34E-23D0B231546E}"
EndProject
Project("{9A19103F-16F7-4668-BE54-9A1E7A4F7556}") = "DataProcessingMLB.DAL", "DataProcessingMLB.DAL\DataProcessingMLB.DAL.csproj", "{F19879FB-2274-43BD-8423-1CECFBB83939}"
EndProject
Project("{9A19103F-16F7-4668-BE54-9A1E7A4F7556}") = "DataProcessingMLB.VM", "DataProcessingMLB.VM\DataProcessingMLB.VM.csproj", "{2D91CE86-ED69-4BBF-888B-380252095280}"
EndProject
Project("{FAE04EC0-301F-11D3-BF4B-00C04F79EFBC}") = "MLBBeer", "MLBBeer\MLBBeer.csproj", "{A914EF64-6C32-4BBC-9418-06BC5E2082AF}"
EndProject
Global
	GlobalSection(SolutionConfigurationPlatforms) = preSolution
		Debug|Any CPU = Debug|Any CPU
		Debug|ARM = Debug|ARM
		Debug|ARM64 = Debug|ARM64
		Debug|x64 = Debug|x64
		Debug|x86 = Debug|x86
		Release|Any CPU = Release|Any CPU
		Release|ARM = Release|ARM
		Release|ARM64 = Release|ARM64
		Release|x64 = Release|x64
		Release|x86 = Release|x86
	EndGlobalSection
	GlobalSection(ProjectConfigurationPlatforms) = postSolution
		{674EE7B5-9784-4BFE-9E6E-A5FBBDC423E5}.Debug|Any CPU.ActiveCfg = Debug|Any CPU
		{674EE7B5-9784-4BFE-9E6E-A5FBBDC423E5}.Debug|Any CPU.Build.0 = Debug|Any CPU
		{674EE7B5-9784-4BFE-9E6E-A5FBBDC423E5}.Debug|ARM.ActiveCfg = Debug|Any CPU
		{674EE7B5-9784-4BFE-9E6E-A5FBBDC423E5}.Debug|ARM.Build.0 = Debug|Any CPU
		{674EE7B5-9784-4BFE-9E6E-A5FBBDC423E5}.Debug|ARM64.ActiveCfg = Debug|Any CPU
		{674EE7B5-9784-4BFE-9E6E-A5FBBDC423E5}.Debug|ARM64.Build.0 = Debug|Any CPU
		{674EE7B5-9784-4BFE-9E6E-A5FBBDC423E5}.Debug|x64.ActiveCfg = Debug|Any CPU
		{674EE7B5-9784-4BFE-9E6E-A5FBBDC423E5}.Debug|x64.Build.0 = Debug|Any CPU
		{674EE7B5-9784-4BFE-9E6E-A5FBBDC423E5}.Debug|x86.ActiveCfg = Debug|Any CPU
		{674EE7B5-9784-4BFE-9E6E-A5FBBDC423E5}.Debug|x86.Build.0 = Debug|Any CPU
		{674EE7B5-9784-4BFE-9E6E-A5FBBDC423E5}.Release|Any CPU.ActiveCfg = Release|Any CPU
		{674EE7B5-9784-4BFE-9E6E-A5FBBDC423E5}.Release|Any CPU.Build.0 = Release|Any CPU
		{674EE7B5-9784-4BFE-9E6E-A5FBBDC423E5}.Release|ARM.ActiveCfg = Release|Any CPU
		{674EE7B5-9784-4BFE-9E6E-A5FBBDC423E5}.Release|ARM.Build.0 = Release|Any CPU
		{674EE7B5-9784-4BFE-9E6E-A5FBBDC423E5}.Release|ARM64.ActiveCfg = Release|Any CPU
		{674EE7B5-9784-4BFE-9E6E-A5FBBDC423E5}.Release|ARM64.Build.0 = Release|Any CPU
		{674EE7B5-9784-4BFE-9E6E-A5FBBDC423E5}.Release|x64.ActiveCfg = Release|Any CPU
		{674EE7B5-9784-4BFE-9E6E-A5FBBDC423E5}.Release|x64.Build.0 = Release|Any CPU
		{674EE7B5-9784-4BFE-9E6E-A5FBBDC423E5}.Release|x86.ActiveCfg = Release|Any CPU
		{674EE7B5-9784-4BFE-9E6E-A5FBBDC423E5}.Release|x86.Build.0 = Release|Any CPU
		{1FA05C43-980D-46DF-A34E-23D0B231546E}.Debug|Any CPU.ActiveCfg = Debug|Any CPU
		{1FA05C43-980D-46DF-A34E-23D0B231546E}.Debug|Any CPU.Build.0 = Debug|Any CPU
		{1FA05C43-980D-46DF-A34E-23D0B231546E}.Debug|ARM.ActiveCfg = Debug|Any CPU
		{1FA05C43-980D-46DF-A34E-23D0B231546E}.Debug|ARM.Build.0 = Debug|Any CPU
		{1FA05C43-980D-46DF-A34E-23D0B231546E}.Debug|ARM64.ActiveCfg = Debug|Any CPU
		{1FA05C43-980D-46DF-A34E-23D0B231546E}.Debug|ARM64.Build.0 = Debug|Any CPU
		{1FA05C43-980D-46DF-A34E-23D0B231546E}.Debug|x64.ActiveCfg = Debug|Any CPU
		{1FA05C43-980D-46DF-A34E-23D0B231546E}.Debug|x64.Build.0 = Debug|Any CPU
		{1FA05C43-980D-46DF-A34E-23D0B231546E}.Debug|x86.ActiveCfg = Debug|Any CPU
		{1FA05C43-980D-46DF-A34E-23D0B231546E}.Debug|x86.Build.0 = Debug|Any CPU
		{1FA05C43-980D-46DF-A34E-23D0B231546E}.Release|Any CPU.ActiveCfg = Release|Any CPU
		{1FA05C43-980D-46DF-A34E-23D0B231546E}.Release|Any CPU.Build.0 = Release|Any CPU
		{1FA05C43-980D-46DF-A34E-23D0B231546E}.Release|ARM.ActiveCfg = Release|Any CPU
		{1FA05C43-980D-46DF-A34E-23D0B231546E}.Release|ARM.Build.0 = Release|Any CPU
		{1FA05C43-980D-46DF-A34E-23D0B231546E}.Release|ARM64.ActiveCfg = Release|Any CPU
		{1FA05C43-980D-46DF-A34E-23D0B231546E}.Release|ARM64.Build.0 = Release|Any CPU
		{1FA05C43-980D-46DF-A34E-23D0B231546E}.Release|x64.ActiveCfg = Release|Any CPU
		{1FA05C43-980D-46DF-A34E-23D0B231546E}.Release|x64.Build.0 = Release|Any CPU
		{1FA05C43-980D-46DF-A34E-23D0B231546E}.Release|x86.ActiveCfg = Release|Any CPU
		{1FA05C43-980D-46DF-A34E-23D0B231546E}.Release|x86.Build.0 = Release|Any CPU
		{F19879FB-2274-43BD-8423-1CECFBB83939}.Debug|Any CPU.ActiveCfg = Debug|Any CPU
		{F19879FB-2274-43BD-8423-1CECFBB83939}.Debug|Any CPU.Build.0 = Debug|Any CPU
		{F19879FB-2274-43BD-8423-1CECFBB83939}.Debug|ARM.ActiveCfg = Debug|Any CPU
		{F19879FB-2274-43BD-8423-1CECFBB83939}.Debug|ARM.Build.0 = Debug|Any CPU
		{F19879FB-2274-43BD-8423-1CECFBB83939}.Debug|ARM64.ActiveCfg = Debug|Any CPU
		{F19879FB-2274-43BD-8423-1CECFBB83939}.Debug|ARM64.Build.0 = Debug|Any CPU
		{F19879FB-2274-43BD-8423-1CECFBB83939}.Debug|x64.ActiveCfg = Debug|Any CPU
		{F19879FB-2274-43BD-8423-1CECFBB83939}.Debug|x64.Build.0 = Debug|Any CPU
		{F19879FB-2274-43BD-8423-1CECFBB83939}.Debug|x86.ActiveCfg = Debug|Any CPU
		{F19879FB-2274-43BD-8423-1CECFBB83939}.Debug|x86.Build.0 = Debug|Any CPU
		{F19879FB-2274-43BD-8423-1CECFBB83939}.Release|Any CPU.ActiveCfg = Release|Any CPU
		{F19879FB-2274-43BD-8423-1CECFBB83939}.Release|Any CPU.Build.0 = Release|Any CPU
		{F19879FB-2274-43BD-8423-1CECFBB83939}.Release|ARM.ActiveCfg = Release|Any CPU
		{F19879FB-2274-43BD-8423-1CECFBB83939}.Release|ARM.Build.0 = Release|Any CPU
		{F19879FB-2274-43BD-8423-1CECFBB83939}.Release|ARM64.ActiveCfg = Release|Any CPU
		{F19879FB-2274-43BD-8423-1CECFBB83939}.Release|ARM64.Build.0 = Release|Any CPU
		{F19879FB-2274-43BD-8423-1CECFBB83939}.Release|x64.ActiveCfg = Release|Any CPU
		{F19879FB-2274-43BD-8423-1CECFBB83939}.Release|x64.Build.0 = Release|Any CPU
		{F19879FB-2274-43BD-8423-1CECFBB83939}.Release|x86.ActiveCfg = Release|Any CPU
		{F19879FB-2274-43BD-8423-1CECFBB83939}.Release|x86.Build.0 = Release|Any CPU
		{2D91CE86-ED69-4BBF-888B-380252095280}.Debug|Any CPU.ActiveCfg = Debug|Any CPU
		{2D91CE86-ED69-4BBF-888B-380252095280}.Debug|Any CPU.Build.0 = Debug|Any CPU
		{2D91CE86-ED69-4BBF-888B-380252095280}.Debug|ARM.ActiveCfg = Debug|Any CPU
		{2D91CE86-ED69-4BBF-888B-380252095280}.Debug|ARM.Build.0 = Debug|Any CPU
		{2D91CE86-ED69-4BBF-888B-380252095280}.Debug|ARM64.ActiveCfg = Debug|Any CPU
		{2D91CE86-ED69-4BBF-888B-380252095280}.Debug|ARM64.Build.0 = Debug|Any CPU
		{2D91CE86-ED69-4BBF-888B-380252095280}.Debug|x64.ActiveCfg = Debug|Any CPU
		{2D91CE86-ED69-4BBF-888B-380252095280}.Debug|x64.Build.0 = Debug|Any CPU
		{2D91CE86-ED69-4BBF-888B-380252095280}.Debug|x86.ActiveCfg = Debug|Any CPU
		{2D91CE86-ED69-4BBF-888B-380252095280}.Debug|x86.Build.0 = Debug|Any CPU
		{2D91CE86-ED69-4BBF-888B-380252095280}.Release|Any CPU.ActiveCfg = Release|Any CPU
		{2D91CE86-ED69-4BBF-888B-380252095280}.Release|Any CPU.Build.0 = Release|Any CPU
		{2D91CE86-ED69-4BBF-888B-380252095280}.Release|ARM.ActiveCfg = Release|Any CPU
		{2D91CE86-ED69-4BBF-888B-380252095280}.Release|ARM.Build.0 = Release|Any CPU
		{2D91CE86-ED69-4BBF-888B-380252095280}.Release|ARM64.ActiveCfg = Release|Any CPU
		{2D91CE86-ED69-4BBF-888B-380252095280}.Release|ARM64.Build.0 = Release|Any CPU
		{2D91CE86-ED69-4BBF-888B-380252095280}.Release|x64.ActiveCfg = Release|Any CPU
		{2D91CE86-ED69-4BBF-888B-380252095280}.Release|x64.Build.0 = Release|Any CPU
		{2D91CE86-ED69-4BBF-888B-380252095280}.Release|x86.ActiveCfg = Release|Any CPU
		{2D91CE86-ED69-4BBF-888B-380252095280}.Release|x86.Build.0 = Release|Any CPU
		{A914EF64-6C32-4BBC-9418-06BC5E2082AF}.Debug|Any CPU.ActiveCfg = Debug|x64
		{A914EF64-6C32-4BBC-9418-06BC5E2082AF}.Debug|Any CPU.Build.0 = Debug|x64
		{A914EF64-6C32-4BBC-9418-06BC5E2082AF}.Debug|Any CPU.Deploy.0 = Debug|x64
		{A914EF64-6C32-4BBC-9418-06BC5E2082AF}.Debug|ARM.ActiveCfg = Debug|ARM
		{A914EF64-6C32-4BBC-9418-06BC5E2082AF}.Debug|ARM.Build.0 = Debug|ARM
		{A914EF64-6C32-4BBC-9418-06BC5E2082AF}.Debug|ARM.Deploy.0 = Debug|ARM
		{A914EF64-6C32-4BBC-9418-06BC5E2082AF}.Debug|ARM64.ActiveCfg = Debug|ARM64
		{A914EF64-6C32-4BBC-9418-06BC5E2082AF}.Debug|ARM64.Build.0 = Debug|ARM64
		{A914EF64-6C32-4BBC-9418-06BC5E2082AF}.Debug|ARM64.Deploy.0 = Debug|ARM64
		{A914EF64-6C32-4BBC-9418-06BC5E2082AF}.Debug|x64.ActiveCfg = Debug|x64
		{A914EF64-6C32-4BBC-9418-06BC5E2082AF}.Debug|x64.Build.0 = Debug|x64
		{A914EF64-6C32-4BBC-9418-06BC5E2082AF}.Debug|x64.Deploy.0 = Debug|x64
		{A914EF64-6C32-4BBC-9418-06BC5E2082AF}.Debug|x86.ActiveCfg = Debug|x86
		{A914EF64-6C32-4BBC-9418-06BC5E2082AF}.Debug|x86.Build.0 = Debug|x86
		{A914EF64-6C32-4BBC-9418-06BC5E2082AF}.Debug|x86.Deploy.0 = Debug|x86
		{A914EF64-6C32-4BBC-9418-06BC5E2082AF}.Release|Any CPU.ActiveCfg = Release|x64
		{A914EF64-6C32-4BBC-9418-06BC5E2082AF}.Release|Any CPU.Build.0 = Release|x64
		{A914EF64-6C32-4BBC-9418-06BC5E2082AF}.Release|Any CPU.Deploy.0 = Release|x64
		{A914EF64-6C32-4BBC-9418-06BC5E2082AF}.Release|ARM.ActiveCfg = Release|ARM
		{A914EF64-6C32-4BBC-9418-06BC5E2082AF}.Release|ARM.Build.0 = Release|ARM
		{A914EF64-6C32-4BBC-9418-06BC5E2082AF}.Release|ARM.Deploy.0 = Release|ARM
		{A914EF64-6C32-4BBC-9418-06BC5E2082AF}.Release|ARM64.ActiveCfg = Release|ARM64
		{A914EF64-6C32-4BBC-9418-06BC5E2082AF}.Release|ARM64.Build.0 = Release|ARM64
		{A914EF64-6C32-4BBC-9418-06BC5E2082AF}.Release|ARM64.Deploy.0 = Release|ARM64
		{A914EF64-6C32-4BBC-9418-06BC5E2082AF}.Release|x64.ActiveCfg = Release|x64
		{A914EF64-6C32-4BBC-9418-06BC5E2082AF}.Release|x64.Build.0 = Release|x64
		{A914EF64-6C32-4BBC-9418-06BC5E2082AF}.Release|x64.Deploy.0 = Release|x64
		{A914EF64-6C32-4BBC-9418-06BC5E2082AF}.Release|x86.ActiveCfg = Release|x86
		{A914EF64-6C32-4BBC-9418-06BC5E2082AF}.Release|x86.Build.0 = Release|x86
		{A914EF64-6C32-4BBC-9418-06BC5E2082AF}.Release|x86.Deploy.0 = Release|x86
	EndGlobalSection
	GlobalSection(SolutionProperties) = preSolution
		HideSolutionNode = FALSE
	EndGlobalSection
	GlobalSection(ExtensibilityGlobals) = postSolution
		SolutionGuid = {8C991781-B856-4024-A4E1-77E481D45FA1}
	EndGlobalSection
EndGlobal
